{
  "name": "ftqclib-overview",
  "lockfileVersion": 3,
  "requires": true,
  "packages": {
    "": {
      "dependencies": {
        "marked": "17.0.5",
        "temml": "0.13.5"
      },
      "name": "ftqclib-overview",
      "version": "1.0.0"
    },
    "node_modules/marked": {
      "version": "17.0.5",
      "resolved": "https://registry.npmjs.org/marked/-/marked-17.0.5.tgz",
      "integrity": "sha512-6hLvc0/JEbRjRgzI6wnT2P1XuM1/RrrDEX0kPt0N7jGm1133g6X7DlxFasUIx+72aKAr904GTxhSLDrd5DIlZg==",
      "license": "MIT",
      "bin": {
        "marked": "bin/marked.js"
      },
      "engines": {
        "node": ">= 20"
      }
    },
    "node_modules/temml": {
      "version": "0.13.5",
      "resolved": "https://registry.npmjs.org/temml/-/temml-0.13.5.tgz",
      "integrity": "sha512-aPkDDgunanpLNL0ql32HbolqLep+w8DRcVXRql7rWrMt/PhczdLgL4UBYYVU3BYjCNjkGq4EqwIicu/zWr1iOg==",
      "license": "MIT",
      "engines": {
        "node": ">=18.13.0"
      }
    }
  },
  "version": "1.0.0"
}
